
Microsoft Visual Studio Solution File, Format Version 12.00
# Visual Studio Version 17
VisualStudioVersion = 17.9.34607.119
MinimumVisualStudioVersion = 10.0.40219.1
Project("{9A19103F-16F7-4668-BE54-9A1E7A4F7556}") = "KanbanBlazor", "KanbanBlazor\KanbanBlazor.csproj", "{07D3CE8A-7A30-4B24-92F6-1E327AE6B421}"
EndProject
Global
	GlobalSection(SolutionConfigurationPlatforms) = preSolution
		Debug|Any CPU = Debug|Any CPU
		Release|Any CPU = Release|Any CPU
	EndGlobalSection
	GlobalSection(ProjectConfigurationPlatforms) = postSolution
		{07D3CE8A-7A30-4B24-92F6-1E327AE6B421}.Debug|Any CPU.ActiveCfg = Debug|Any CPU
		{07D3CE8A-7A30-4B24-92F6-1E327AE6B421}.Debug|Any CPU.Build.0 = Debug|Any CPU
		{07D3CE8A-7A30-4B24-92F6-1E327AE6B421}.Release|Any CPU.ActiveCfg = Release|Any CPU
		{07D3CE8A-7A30-4B24-92F6-1E327AE6B421}.Release|Any CPU.Build.0 = Release|Any CPU
	EndGlobalSection
	GlobalSection(SolutionProperties) = preSolution
		HideSolutionNode = FALSE
	EndGlobalSection
	GlobalSection(ExtensibilityGlobals) = postSolution
		SolutionGuid = {BE9A9D55-ADD1-467D-8223-63A4D4189A71}
	EndGlobalSection
EndGlobal
